
Microsoft Visual Studio Solution File, Format Version 12.00
# Visual Studio Version 16
VisualStudioVersion = 16.0.31321.278
MinimumVisualStudioVersion = 10.0.40219.1
Project("{8BC9CEB8-8B4A-11D0-8D11-00A0C91BC942}") = "RungeKutta", "RungeKutta.vcxproj", "{32BB03EF-0DCA-4AF6-ABAE-1D6D0F887B18}"
EndProject
Global
	GlobalSection(SolutionConfigurationPlatforms) = preSolution
		Debug|x64 = Debug|x64
		Debug|x86 = Debug|x86
		Release|x64 = Release|x64
		Release|x86 = Release|x86
	EndGlobalSection
	GlobalSection(ProjectConfigurationPlatforms) = postSolution
		{32BB03EF-0DCA-4AF6-ABAE-1D6D0F887B18}.Debug|x64.ActiveCfg = Debug|x64
		{32BB03EF-0DCA-4AF6-ABAE-1D6D0F887B18}.Debug|x64.Build.0 = Debug|x64
		{32BB03EF-0DCA-4AF6-ABAE-1D6D0F887B18}.Debug|x86.ActiveCfg = Debug|Win32
		{32BB03EF-0DCA-4AF6-ABAE-1D6D0F887B18}.Debug|x86.Build.0 = Debug|Win32
		{32BB03EF-0DCA-4AF6-ABAE-1D6D0F887B18}.Release|x64.ActiveCfg = Release|x64
		{32BB03EF-0DCA-4AF6-ABAE-1D6D0F887B18}.Release|x64.Build.0 = Release|x64
		{32BB03EF-0DCA-4AF6-ABAE-1D6D0F887B18}.Release|x86.ActiveCfg = Release|Win32
		{32BB03EF-0DCA-4AF6-ABAE-1D6D0F887B18}.Release|x86.Build.0 = Release|Win32
	EndGlobalSection
	GlobalSection(SolutionProperties) = preSolution
		HideSolutionNode = FALSE
	EndGlobalSection
	GlobalSection(ExtensibilityGlobals) = postSolution
		SolutionGuid = {41D26C7C-081F-4839-811E-FAD913DA9E0D}
	EndGlobalSection
EndGlobal
